// !$*UTF8*$!
{
	archiveVersion = 1;
	classes = {
	};
	objectVersion = 46;
	objects = {

/* Begin PBXBuildFile section */
		413C46501C1FF76600E35BE0 /* main.m in Sources */ = {isa = PBXBuildFile; fileRef = 413C464F1C1FF76600E35BE0 /* main.m */; };
		413C46531C1FF76600E35BE0 /* AppDelegate.m in Sources */ = {isa = PBXBuildFile; fileRef = 413C46521C1FF76600E35BE0 /* AppDelegate.m */; };
		413C46561C1FF76600E35BE0 /* ViewController.m in Sources */ = {isa = PBXBuildFile; fileRef = 413C46551C1FF76600E35BE0 /* ViewController.m */; };
		413C465B1C1FF76600E35BE0 /* Images.xcassets in Resources */ = {isa = PBXBuildFile; fileRef = 413C465A1C1FF76600E35BE0 /* Images.xcassets */; };
		413C465E1C1FF76600E35BE0 /* LaunchScreen.xib in Resources */ = {isa = PBXBuildFile; fileRef = 413C465C1C1FF76600E35BE0 /* LaunchScreen.xib */; };
		413C466A1C1FF76600E35BE0 /* AnimatedCircleDemoTests.m in Sources */ = {isa = PBXBuildFile; fileRef = 413C46691C1FF76600E35BE0 /* AnimatedCircleDemoTests.m */; };
		413C46751C1FF8DC00E35BE0 /* CircleLayer.m in Sources */ = {isa = PBXBuildFile; fileRef = 413C46741C1FF8DC00E35BE0 /* CircleLayer.m */; };
		415A1F8D1C200C4300A5450A /* CircleView.m in Sources */ = {isa = PBXBuildFile; fileRef = 415A1F8C1C200C4300A5450A /* CircleView.m */; };
		415A1F8F1C200F6700A5450A /* ViewController.xib in Resources */ = {isa = PBXBuildFile; fileRef = 415A1F8E1C200F6700A5450A /* ViewController.xib */; };
/* End PBXBuildFile section */

/* Begin PBXContainerItemProxy section */
		413C46641C1FF76600E35BE0 /* PBXContainerItemProxy */ = {
			isa = PBXContainerItemProxy;
			containerPortal = 413C46421C1FF76600E35BE0 /* Project object */;
			proxyType = 1;
			remoteGlobalIDString = 413C46491C1FF76600E35BE0;
			remoteInfo = AnimatedCircleDemo;
		};
/* End PBXContainerItemProxy section */

/* Begin PBXFileReference section */
		413C464A1C1FF76600E35BE0 /* AnimatedCircleDemo.app */ = {isa = PBXFileReference; explicitFileType = wrapper.application; includeInIndex = 0; path = AnimatedCircleDemo.app; sourceTree = BUILT_PRODUCTS_DIR; };
		413C464E1C1FF76600E35BE0 /* Info.plist */ = {isa = PBXFileReference; lastKnownFileType = text.plist.xml; path = Info.plist; sourceTree = "<group>"; };
		413C464F1C1FF76600E35BE0 /* main.m */ = {isa = PBXFileReference; lastKnownFileType = sourcecode.c.objc; path = main.m; sourceTree = "<group>"; };
		413C46511C1FF76600E35BE0 /* AppDelegate.h */ = {isa = PBXFileReference; lastKnownFileType = sourcecode.c.h; path = AppDelegate.h; sourceTree = "<group>"; };
		413C46521C1FF76600E35BE0 /* AppDelegate.m */ = {isa = PBXFileReference; lastKnownFileType = sourcecode.c.objc; path = AppDelegate.m; sourceTree = "<group>"; };
		413C46541C1FF76600E35BE0 /* ViewController.h */ = {isa = PBXFileReference; lastKnownFileType = sourcecode.c.h; path = ViewController.h; sourceTree = "<group>"; };
		413C46551C1FF76600E35BE0 /* ViewController.m */ = {isa = PBXFileReference; lastKnownFileType = sourcecode.c.objc; path = ViewController.m; sourceTree = "<group>"; };
		413C465A1C1FF76600E35BE0 /* Images.xcassets */ = {isa = PBXFileReference; lastKnownFileType = folder.assetcatalog; path = Images.xcassets; sourceTree = "<group>"; };
		413C465D1C1FF76600E35BE0 /* Base */ = {isa = PBXFileReference; lastKnownFileType = file.xib; name = Base; path = Base.lproj/LaunchScreen.xib; sourceTree = "<group>"; };
		413C46631C1FF76600E35BE0 /* AnimatedCircleDemoTests.xctest */ = {isa = PBXFileReference; explicitFileType = wrapper.cfbundle; includeInIndex = 0; path = AnimatedCircleDemoTests.xctest; sourceTree = BUILT_PRODUCTS_DIR; };
		413C46681C1FF76600E35BE0 /* Info.plist */ = {isa = PBXFileReference; lastKnownFileType = text.plist.xml; path = Info.plist; sourceTree = "<group>"; };
		413C46691C1FF76600E35BE0 /* AnimatedCircleDemoTests.m */ = {isa = PBXFileReference; lastKnownFileType = sourcecode.c.objc; path = AnimatedCircleDemoTests.m; sourceTree = "<group>"; };
		413C46731C1FF8DC00E35BE0 /* CircleLayer.h */ = {isa = PBXFileReference; fileEncoding = 4; lastKnownFileType = sourcecode.c.h; name = CircleLayer.h; path = CircleView/CircleLayer.h; sourceTree = "<group>"; };
		413C46741C1FF8DC00E35BE0 /* CircleLayer.m */ = {isa = PBXFileReference; fileEncoding = 4; lastKnownFileType = sourcecode.c.objc; name = CircleLayer.m; path = CircleView/CircleLayer.m; sourceTree = "<group>"; };
		415A1F8B1C200C4300A5450A /* CircleView.h */ = {isa = PBXFileReference; fileEncoding = 4; lastKnownFileType = sourcecode.c.h; name = CircleView.h; path = CircleView/CircleView.h; sourceTree = "<group>"; };
		415A1F8C1C200C4300A5450A /* CircleView.m */ = {isa = PBXFileReference; fileEncoding = 4; lastKnownFileType = sourcecode.c.objc; name = CircleView.m; path = CircleView/CircleView.m; sourceTree = "<group>"; };
		415A1F8E1C200F6700A5450A /* ViewController.xib */ = {isa = PBXFileReference; fileEncoding = 4; lastKnownFileType = file.xib; path = ViewController.xib; sourceTree = "<group>"; };
/* End PBXFileReference section */

/* Begin PBXFrameworksBuildPhase section */
		413C46471C1FF76600E35BE0 /* Frameworks */ = {
			isa = PBXFrameworksBuildPhase;
			buildActionMask = 2147483647;
			files = (
			);
			runOnlyForDeploymentPostprocessing = 0;
		};
		413C46601C1FF76600E35BE0 /* Frameworks */ = {
			isa = PBXFrameworksBuildPhase;
			buildActionMask = 2147483647;
			files = (
			);
			runOnlyForDeploymentPostprocessing = 0;
		};
/* End PBXFrameworksBuildPhase section */

/* Begin PBXGroup section */
		413C46411C1FF76600E35BE0 = {
			isa = PBXGroup;
			children = (
				413C464C1C1FF76600E35BE0 /* AnimatedCircleDemo */,
				413C46661C1FF76600E35BE0 /* AnimatedCircleDemoTests */,
				413C464B1C1FF76600E35BE0 /* Products */,
			);
			sourceTree = "<group>";
		};
		413C464B1C1FF76600E35BE0 /* Products */ = {
			isa = PBXGroup;
			children = (
				413C464A1C1FF76600E35BE0 /* AnimatedCircleDemo.app */,
				413C46631C1FF76600E35BE0 /* AnimatedCircleDemoTests.xctest */,
			);
			name = Products;
			sourceTree = "<group>";
		};
		413C464C1C1FF76600E35BE0 /* AnimatedCircleDemo */ = {
			isa = PBXGroup;
			children = (
				415A1F8A1C200C2100A5450A /* CircleView */,
				413C46511C1FF76600E35BE0 /* AppDelegate.h */,
				413C46521C1FF76600E35BE0 /* AppDelegate.m */,
				413C46541C1FF76600E35BE0 /* ViewController.h */,
				413C46551C1FF76600E35BE0 /* ViewController.m */,
				413C465A1C1FF76600E35BE0 /* Images.xcassets */,
				413C465C1C1FF76600E35BE0 /* LaunchScreen.xib */,
				413C464D1C1FF76600E35BE0 /* Supporting Files */,
				415A1F8E1C200F6700A5450A /* ViewController.xib */,
			);
			path = AnimatedCircleDemo;
			sourceTree = "<group>";
		};
		413C464D1C1FF76600E35BE0 /* Supporting Files */ = {
			isa = PBXGroup;
			children = (
				413C464E1C1FF76600E35BE0 /* Info.plist */,
				413C464F1C1FF76600E35BE0 /* main.m */,
			);
			name = "Supporting Files";
			sourceTree = "<group>";
		};
		413C46661C1FF76600E35BE0 /* AnimatedCircleDemoTests */ = {
			isa = PBXGroup;
			children = (
				413C46691C1FF76600E35BE0 /* AnimatedCircleDemoTests.m */,
				413C46671C1FF76600E35BE0 /* Supporting Files */,
			);
			path = AnimatedCircleDemoTests;
			sourceTree = "<group>";
		};
		413C46671C1FF76600E35BE0 /* Supporting Files */ = {
			isa = PBXGroup;
			children = (
				413C46681C1FF76600E35BE0 /* Info.plist */,
			);
			name = "Supporting Files";
			sourceTree = "<group>";
		};
		415A1F8A1C200C2100A5450A /* CircleView */ = {
			isa = PBXGroup;
			children = (
				413C46731C1FF8DC00E35BE0 /* CircleLayer.h */,
				413C46741C1FF8DC00E35BE0 /* CircleLayer.m */,
				415A1F8B1C200C4300A5450A /* CircleView.h */,
				415A1F8C1C200C4300A5450A /* CircleView.m */,
			);
			name = CircleView;
			sourceTree = "<group>";
		};
/* End PBXGroup section */

/* Begin PBXNativeTarget section */
		413C46491C1FF76600E35BE0 /* AnimatedCircleDemo */ = {
			isa = PBXNativeTarget;
			buildConfigurationList = 413C466D1C1FF76600E35BE0 /* Build configuration list for PBXNativeTarget "AnimatedCircleDemo" */;
			buildPhases = (
				413C46461C1FF76600E35BE0 /* Sources */,
				413C46471C1FF76600E35BE0 /* Frameworks */,
				413C46481C1FF76600E35BE0 /* Resources */,
			);
			buildRules = (
			);
			dependencies = (
			);
			name = AnimatedCircleDemo;
			productName = AnimatedCircleDemo;
			productReference = 413C464A1C1FF76600E35BE0 /* AnimatedCircleDemo.app */;
			productType = "com.apple.product-type.application";
		};
		413C46621C1FF76600E35BE0 /* AnimatedCircleDemoTests */ = {
			isa = PBXNativeTarget;
			buildConfigurationList = 413C46701C1FF76600E35BE0 /* Build configuration list for PBXNativeTarget "AnimatedCircleDemoTests" */;
			buildPhases = (
				413C465F1C1FF76600E35BE0 /* Sources */,
				413C46601C1FF76600E35BE0 /* Frameworks */,
				413C46611C1FF76600E35BE0 /* Resources */,
			);
			buildRules = (
			);
			dependencies = (
				413C46651C1FF76600E35BE0 /* PBXTargetDependency */,
			);
			name = AnimatedCircleDemoTests;
			productName = AnimatedCircleDemoTests;
			productReference = 413C46631C1FF76600E35BE0 /* AnimatedCircleDemoTests.xctest */;
			productType = "com.apple.product-type.bundle.unit-test";
		};
/* End PBXNativeTarget section */

/* Begin PBXProject section */
		413C46421C1FF76600E35BE0 /* Project object */ = {
			isa = PBXProject;
			attributes = {
				LastUpgradeCheck = 0640;
				ORGANIZATIONNAME = zengzheying;
				TargetAttributes = {
					413C46491C1FF76600E35BE0 = {
						CreatedOnToolsVersion = 6.4;
					};
					413C46621C1FF76600E35BE0 = {
						CreatedOnToolsVersion = 6.4;
						TestTargetID = 413C46491C1FF76600E35BE0;
					};
				};
			};
			buildConfigurationList = 413C46451C1FF76600E35BE0 /* Build configuration list for PBXProject "AnimatedCircleDemo" */;
			compatibilityVersion = "Xcode 3.2";
			developmentRegion = English;
			hasScannedForEncodings = 0;
			knownRegions = (
				en,
				Base,
			);
			mainGroup = 413C46411C1FF76600E35BE0;
			productRefGroup = 413C464B1C1FF76600E35BE0 /* Products */;
			projectDirPath = "";
			projectRoot = "";
			targets = (
				413C46491C1FF76600E35BE0 /* AnimatedCircleDemo */,
				413C46621C1FF76600E35BE0 /* AnimatedCircleDemoTests */,
			);
		};
/* End PBXProject section */

/* Begin PBXResourcesBuildPhase section */
		413C46481C1FF76600E35BE0 /* Resources */ = {
			isa = PBXResourcesBuildPhase;
			buildActionMask = 2147483647;
			files = (
				413C465E1C1FF76600E35BE0 /* LaunchScreen.xib in Resources */,
				415A1F8F1C200F6700A5450A /* ViewController.xib in Resources */,
				413C465B1C1FF76600E35BE0 /* Images.xcassets in Resources */,
			);
			runOnlyForDeploymentPostprocessing = 0;
		};
		413C46611C1FF76600E35BE0 /* Resources */ = {
			isa = PBXResourcesBuildPhase;
			buildActionMask = 2147483647;
			files = (
			);
			runOnlyForDeploymentPostprocessing = 0;
		};
/* End PBXResourcesBuildPhase section */

/* Begin PBXSourcesBuildPhase section */
		413C46461C1FF76600E35BE0 /* Sources */ = {
			isa = PBXSourcesBuildPhase;
			buildActionMask = 2147483647;
			files = (
				413C46561C1FF76600E35BE0 /* ViewController.m in Sources */,
				415A1F8D1C200C4300A5450A /* CircleView.m in Sources */,
				413C46531C1FF76600E35BE0 /* AppDelegate.m in Sources */,
				413C46501C1FF76600E35BE0 /* main.m in Sources */,
				413C46751C1FF8DC00E35BE0 /* CircleLayer.m in Sources */,
			);
			runOnlyForDeploymentPostprocessing = 0;
		};
		413C465F1C1FF76600E35BE0 /* Sources */ = {
			isa = PBXSourcesBuildPhase;
			buildActionMask = 2147483647;
			files = (
				413C466A1C1FF76600E35BE0 /* AnimatedCircleDemoTests.m in Sources */,
			);
			runOnlyForDeploymentPostprocessing = 0;
		};
/* End PBXSourcesBuildPhase section */

/* Begin PBXTargetDependency section */
		413C46651C1FF76600E35BE0 /* PBXTargetDependency */ = {
			isa = PBXTargetDependency;
			target = 413C46491C1FF76600E35BE0 /* AnimatedCircleDemo */;
			targetProxy = 413C46641C1FF76600E35BE0 /* PBXContainerItemProxy */;
		};
/* End PBXTargetDependency section */

/* Begin PBXVariantGroup section */
		413C465C1C1FF76600E35BE0 /* LaunchScreen.xib */ = {
			isa = PBXVariantGroup;
			children = (
				413C465D1C1FF76600E35BE0 /* Base */,
			);
			name = LaunchScreen.xib;
			sourceTree = "<group>";
		};
/* End PBXVariantGroup section */

/* Begin XCBuildConfiguration section */
		413C466B1C1FF76600E35BE0 /* Debug */ = {
			isa = XCBuildConfiguration;
			buildSettings = {
				ALWAYS_SEARCH_USER_PATHS = NO;
				CLANG_CXX_LANGUAGE_STANDARD = "gnu++0x";
				CLANG_CXX_LIBRARY = "libc++";
				CLANG_ENABLE_MODULES = YES;
				CLANG_ENABLE_OBJC_ARC = YES;
				CLANG_WARN_BOOL_CONVERSION = YES;
				CLANG_WARN_CONSTANT_CONVERSION = YES;
				CLANG_WARN_DIRECT_OBJC_ISA_USAGE = YES_ERROR;
				CLANG_WARN_EMPTY_BODY = YES;
				CLANG_WARN_ENUM_CONVERSION = YES;
				CLANG_WARN_INT_CONVERSION = YES;
				CLANG_WARN_OBJC_ROOT_CLASS = YES_ERROR;
				CLANG_WARN_UNREACHABLE_CODE = YES;
				CLANG_WARN__DUPLICATE_METHOD_MATCH = YES;
				"CODE_SIGN_IDENTITY[sdk=iphoneos*]" = "iPhone Developer";
				COPY_PHASE_STRIP = NO;
				DEBUG_INFORMATION_FORMAT = "dwarf-with-dsym";
				ENABLE_STRICT_OBJC_MSGSEND = YES;
				GCC_C_LANGUAGE_STANDARD = gnu99;
				GCC_DYNAMIC_NO_PIC = NO;
				GCC_NO_COMMON_BLOCKS = YES;
				GCC_OPTIMIZATION_LEVEL = 0;
				GCC_PREPROCESSOR_DEFINITIONS = (
					"DEBUG=1",
					"$(inherited)",
				);
				GCC_SYMBOLS_PRIVATE_EXTERN = NO;
				GCC_WARN_64_TO_32_BIT_CONVERSION = YES;
				GCC_WARN_ABOUT_RETURN_TYPE = YES_ERROR;
				GCC_WARN_UNDECLARED_SELECTOR = YES;
				GCC_WARN_UNINITIALIZED_AUTOS = YES_AGGRESSIVE;
				GCC_WARN_UNUSED_FUNCTION = YES;
				GCC_WARN_UNUSED_VARIABLE = YES;
				IPHONEOS_DEPLOYMENT_TARGET = 8.4;
				MTL_ENABLE_DEBUG_INFO = YES;
				ONLY_ACTIVE_ARCH = YES;
				SDKROOT = iphoneos;
				TARGETED_DEVICE_FAMILY = "1,2";
			};
			name = Debug;
		};
		413C466C1C1FF76600E35BE0 /* Release */ = {
			isa = XCBuildConfiguration;
			buildSettings = {
				ALWAYS_SEARCH_USER_PATHS = NO;
				CLANG_CXX_LANGUAGE_STANDARD = "gnu++0x";
				CLANG_CXX_LIBRARY = "libc++";
				CLANG_ENABLE_MODULES = YES;
				CLANG_ENABLE_OBJC_ARC = YES;
				CLANG_WARN_BOOL_CONVERSION = YES;
				CLANG_WARN_CONSTANT_CONVERSION = YES;
				CLANG_WARN_DIRECT_OBJC_ISA_USAGE = YES_ERROR;
				CLANG_WARN_EMPTY_BODY = YES;
				CLANG_WARN_ENUM_CONVERSION = YES;
				CLANG_WARN_INT_CONVERSION = YES;
				CLANG_WARN_OBJC_ROOT_CLASS = YES_ERROR;
				CLANG_WARN_UNREACHABLE_CODE = YES;
				CLANG_WARN__DUPLICATE_METHOD_MATCH = YES;
				"CODE_SIGN_IDENTITY[sdk=iphoneos*]" = "iPhone Developer";
				COPY_PHASE_STRIP = NO;
				DEBUG_INFORMATION_FORMAT = "dwarf-with-dsym";
				ENABLE_NS_ASSERTIONS = NO;
				ENABLE_STRICT_OBJC_MSGSEND = YES;
				GCC_C_LANGUAGE_STANDARD = gnu99;
				GCC_NO_COMMON_BLOCKS = YES;
				GCC_WARN_64_TO_32_BIT_CONVERSION = YES;
				GCC_WARN_ABOUT_RETURN_TYPE = YES_ERROR;
				GCC_WARN_UNDECLARED_SELECTOR = YES;
				GCC_WARN_UNINITIALIZED_AUTOS = YES_AGGRESSIVE;
				GCC_WARN_UNUSED_FUNCTION = YES;
				GCC_WARN_UNUSED_VARIABLE = YES;
				IPHONEOS_DEPLOYMENT_TARGET = 8.4;
				MTL_ENABLE_DEBUG_INFO = NO;
				SDKROOT = iphoneos;
				TARGETED_DEVICE_FAMILY = "1,2";
				VALIDATE_PRODUCT = YES;
			};
			name = Release;
		};
		413C466E1C1FF76600E35BE0 /* Debug */ = {
			isa = XCBuildConfiguration;
			buildSettings = {
				ASSETCATALOG_COMPILER_APPICON_NAME = AppIcon;
				INFOPLIST_FILE = AnimatedCircleDemo/Info.plist;
				LD_RUNPATH_SEARCH_PATHS = "$(inherited) @executable_path/Frameworks";
				PRODUCT_NAME = "$(TARGET_NAME)";
				TARGETED_DEVICE_FAMILY = 1;
			};
			name = Debug;
		};
		413C466F1C1FF76600E35BE0 /* Release */ = {
			isa = XCBuildConfiguration;
			buildSettings = {
				ASSETCATALOG_COMPILER_APPICON_NAME = AppIcon;
				INFOPLIST_FILE = AnimatedCircleDemo/Info.plist;
				LD_RUNPATH_SEARCH_PATHS = "$(inherited) @executable_path/Frameworks";
				PRODUCT_NAME = "$(TARGET_NAME)";
				TARGETED_DEVICE_FAMILY = 1;
			};
			name = Release;
		};
		413C46711C1FF76600E35BE0 /* Debug */ = {
			isa = XCBuildConfiguration;
			buildSettings = {
				BUNDLE_LOADER = "$(TEST_HOST)";
				FRAMEWORK_SEARCH_PATHS = (
					"$(SDKROOT)/Developer/Library/Frameworks",
					"$(inherited)",
				);
				GCC_PREPROCESSOR_DEFINITIONS = (
					"DEBUG=1",
					"$(inherited)",
				);
				INFOPLIST_FILE = AnimatedCircleDemoTests/Info.plist;
				LD_RUNPATH_SEARCH_PATHS = "$(inherited) @executable_path/Frameworks @loader_path/Frameworks";
				PRODUCT_NAME = "$(TARGET_NAME)";
				TEST_HOST = "$(BUILT_PRODUCTS_DIR)/AnimatedCircleDemo.app/AnimatedCircleDemo";
			};
			name = Debug;
		};
		413C46721C1FF76600E35BE0 /* Release */ = {
			isa = XCBuildConfiguration;
			buildSettings = {
				BUNDLE_LOADER = "$(TEST_HOST)";
				FRAMEWORK_SEARCH_PATHS = (
					"$(SDKROOT)/Developer/Library/Frameworks",
					"$(inherited)",
				);
				INFOPLIST_FILE = AnimatedCircleDemoTests/Info.plist;
				LD_RUNPATH_SEARCH_PATHS = "$(inherited) @executable_path/Frameworks @loader_path/Frameworks";
				PRODUCT_NAME = "$(TARGET_NAME)";
				TEST_HOST = "$(BUILT_PRODUCTS_DIR)/AnimatedCircleDemo.app/AnimatedCircleDemo";
			};
			name = Release;
		};
/* End XCBuildConfiguration section */

/* Begin XCConfigurationList section */
		413C46451C1FF76600E35BE0 /* Build configuration list for PBXProject "AnimatedCircleDemo" */ = {
			isa = XCConfigurationList;
			buildConfigurations = (
				413C466B1C1FF76600E35BE0 /* Debug */,
				413C466C1C1FF76600E35BE0 /* Release */,
			);
			defaultConfigurationIsVisible = 0;
			defaultConfigurationName = Release;
		};
		413C466D1C1FF76600E35BE0 /* Build configuration list for PBXNativeTarget "AnimatedCircleDemo" */ = {
			isa = XCConfigurationList;
			buildConfigurations = (
				413C466E1C1FF76600E35BE0 /* Debug */,
				413C466F1C1FF76600E35BE0 /* Release */,
			);
			defaultConfigurationIsVisible = 0;
			defaultConfigurationName = Release;
		};
		413C46701C1FF76600E35BE0 /* Build configuration list for PBXNativeTarget "AnimatedCircleDemoTests" */ = {
			isa = XCConfigurationList;
			buildConfigurations = (
				413C46711C1FF76600E35BE0 /* Debug */,
				413C46721C1FF76600E35BE0 /* Release */,
			);
			defaultConfigurationIsVisible = 0;
			defaultConfigurationName = Release;
		};
/* End XCConfigurationList section */
	};
	rootObject = 413C46421C1FF76600E35BE0 /* Project object */;
}
